
Microsoft Visual Studio Solution File, Format Version 12.00
# Visual Studio Version 16
VisualStudioVersion = 16.0.29519.87
MinimumVisualStudioVersion = 10.0.40219.1
Project("{FAE04EC0-301F-11D3-BF4B-00C04F79EFBC}") = "TesteMongoDB.Console", "TesteMongoDB.Console\TesteMongoDB.Console.csproj", "{F4FE812E-85CB-448E-905E-987366D02777}"
EndProject
Global
	GlobalSection(SolutionConfigurationPlatforms) = preSolution
		Debug|Any CPU = Debug|Any CPU
		Release|Any CPU = Release|Any CPU
	EndGlobalSection
	GlobalSection(ProjectConfigurationPlatforms) = postSolution
		{F4FE812E-85CB-448E-905E-987366D02777}.Debug|Any CPU.ActiveCfg = Debug|Any CPU
		{F4FE812E-85CB-448E-905E-987366D02777}.Debug|Any CPU.Build.0 = Debug|Any CPU
		{F4FE812E-85CB-448E-905E-987366D02777}.Release|Any CPU.ActiveCfg = Release|Any CPU
		{F4FE812E-85CB-448E-905E-987366D02777}.Release|Any CPU.Build.0 = Release|Any CPU
	EndGlobalSection
	GlobalSection(SolutionProperties) = preSolution
		HideSolutionNode = FALSE
	EndGlobalSection
	GlobalSection(ExtensibilityGlobals) = postSolution
		SolutionGuid = {82AB91F7-6723-4C73-80EB-20BE2C192639}
	EndGlobalSection
EndGlobal
